
Microsoft Visual Studio Solution File, Format Version 12.00
# Visual Studio 15
Project("{FAE04EC0-301F-11D3-BF4B-00C04F79EFBC}") = "Unity.Timeline", "Unity.Timeline.csproj", "{03D9E8C0-D12A-177E-6DA7-9DAA96BB966E}"
EndProject
Project("{FAE04EC0-301F-11D3-BF4B-00C04F79EFBC}") = "Unity.RenderPipelines.GPUDriven.Runtime", "Unity.RenderPipelines.GPUDriven.Runtime.csproj", "{950E9293-E772-1FB7-455F-6ED25323213F}"
EndProject
Project("{FAE04EC0-301F-11D3-BF4B-00C04F79EFBC}") = "Unity.PlasticSCM.Editor", "Unity.PlasticSCM.Editor.csproj", "{6E6C2CA9-A86A-30C6-F9DB-3AEB4412DF43}"
EndProject
Project("{FAE04EC0-301F-11D3-BF4B-00C04F79EFBC}") = "Unity.2D.Aseprite.Editor", "Unity.2D.Aseprite.Editor.csproj", "{FD5B862A-6FD1-165E-E6A4-C220D231FBF1}"
EndProject
Project("{FAE04EC0-301F-11D3-BF4B-00C04F79EFBC}") = "Unity.ShaderGraph.Editor", "Unity.ShaderGraph.Editor.csproj", "{02212A98-E3B7-69E7-3594-DE6403F3AC21}"
EndProject
Project("{FAE04EC0-301F-11D3-BF4B-00C04F79EFBC}") = "Unity.RenderPipelines.Core.Runtime", "Unity.RenderPipelines.Core.Runtime.csproj", "{52E85E99-97BF-12D2-5332-7C2BCE925F36}"
EndProject
Project("{FAE04EC0-301F-11D3-BF4B-00C04F79EFBC}") = "Unity.Mathematics", "Unity.Mathematics.csproj", "{D81013C4-1FA3-C338-0555-FFDCBE1187D9}"
EndProject
Project("{FAE04EC0-301F-11D3-BF4B-00C04F79EFBC}") = "Unity.Timeline.Editor", "Unity.Timeline.Editor.csproj", "{0C28D82D-EC4E-E4AB-6957-D86B98B84361}"
EndProject
Project("{FAE04EC0-301F-11D3-BF4B-00C04F79EFBC}") = "Unity.Multiplayer.Center.Editor", "Unity.Multiplayer.Center.Editor.csproj", "{219B565F-157C-66D0-7424-EC7A258A84EE}"
EndProject
Project("{FAE04EC0-301F-11D3-BF4B-00C04F79EFBC}") = "Unity.RenderPipelines.Core.Editor", "Unity.RenderPipelines.Core.Editor.csproj", "{89EAFA47-621E-0375-3E8B-89B1F53DAE28}"
EndProject
Project("{FAE04EC0-301F-11D3-BF4B-00C04F79EFBC}") = "Unity.Collections", "Unity.Collections.csproj", "{082DC5AA-8FF8-55AE-E99F-265FCEDFA7C1}"
EndProject
Project("{FAE04EC0-301F-11D3-BF4B-00C04F79EFBC}") = "UnityEngine.UI", "UnityEngine.UI.csproj", "{A387F022-6846-F525-690C-FCC743B0AAD8}"
EndProject
Project("{FAE04EC0-301F-11D3-BF4B-00C04F79EFBC}") = "Unity.2D.IK.Runtime", "Unity.2D.IK.Runtime.csproj", "{9DCFF0D2-0446-BD8A-843B-75C7E5876D42}"
EndProject
Project("{FAE04EC0-301F-11D3-BF4B-00C04F79EFBC}") = "Unity.RenderPipelines.Universal.2D.Runtime", "Unity.RenderPipelines.Universal.2D.Runtime.csproj", "{676568EA-2C6C-520A-DCDA-743B1D39C4C3}"
EndProject
Project("{FAE04EC0-301F-11D3-BF4B-00C04F79EFBC}") = "Unity.2D.Psdimporter.Editor", "Unity.2D.Psdimporter.Editor.csproj", "{D2BECA88-C0FB-E5E2-65FD-9A8685F977D2}"
EndProject
Project("{FAE04EC0-301F-11D3-BF4B-00C04F79EFBC}") = "Unity.VisualScripting.Core.Editor", "Unity.VisualScripting.Core.Editor.csproj", "{10BA0E15-B88E-EF3F-6D0C-A3DB5F624E2E}"
EndProject
Project("{FAE04EC0-301F-11D3-BF4B-00C04F79EFBC}") = "Unity.RenderPipelines.Universal.Editor", "Unity.RenderPipelines.Universal.Editor.csproj", "{F1786E23-D4DB-E2B2-3C92-BD2E100867DD}"
EndProject
Project("{FAE04EC0-301F-11D3-BF4B-00C04F79EFBC}") = "Unity.PerformanceTesting.Editor", "Unity.PerformanceTesting.Editor.csproj", "{5694E6B1-4164-AE1B-7C02-D26EE0AF22AD}"
EndProject
Project("{FAE04EC0-301F-11D3-BF4B-00C04F79EFBC}") = "UnityEngine.TestRunner", "UnityEngine.TestRunner.csproj", "{4E153723-FD3F-C458-DEB3-6E6738D5E5B6}"
EndProject
Project("{FAE04EC0-301F-11D3-BF4B-00C04F79EFBC}") = "Unity.2D.Tilemap.Editor", "Unity.2D.Tilemap.Editor.csproj", "{6511ED01-4108-D3A2-9562-EB40921A77FF}"
EndProject
Project("{FAE04EC0-301F-11D3-BF4B-00C04F79EFBC}") = "Unity.Burst", "Unity.Burst.csproj", "{BE595CA0-E634-A62B-48EA-2A6E3C4F7DC2}"
EndProject
Project("{FAE04EC0-301F-11D3-BF4B-00C04F79EFBC}") = "Unity.VisualScripting.Flow.Editor", "Unity.VisualScripting.Flow.Editor.csproj", "{2D0FA148-B871-0EDD-54CF-0DD111EAB15F}"
EndProject
Project("{FAE04EC0-301F-11D3-BF4B-00C04F79EFBC}") = "Unity.VisualStudio.Editor", "Unity.VisualStudio.Editor.csproj", "{F5377386-5B83-1F78-ECC1-910E7141D1AC}"
EndProject
Project("{FAE04EC0-301F-11D3-BF4B-00C04F79EFBC}") = "Unity.2D.SpriteShape.Editor", "Unity.2D.SpriteShape.Editor.csproj", "{FE78A40E-8D35-EB37-4F06-2833C34A5D21}"
EndProject
Project("{FAE04EC0-301F-11D3-BF4B-00C04F79EFBC}") = "Unity.InputSystem", "Unity.InputSystem.csproj", "{12039AAD-176F-FF61-95F8-C173F7EB6DC8}"
EndProject
Project("{FAE04EC0-301F-11D3-BF4B-00C04F79EFBC}") = "PPv2URPConverters", "PPv2URPConverters.csproj", "{B41C005D-45CA-2587-6A9F-2563DBB5DF34}"
EndProject
Project("{FAE04EC0-301F-11D3-BF4B-00C04F79EFBC}") = "Unity.2D.Animation.Editor", "Unity.2D.Animation.Editor.csproj", "{6CE3DEB0-8745-E7AE-3D0D-5BCC67642124}"
EndProject
Project("{FAE04EC0-301F-11D3-BF4B-00C04F79EFBC}") = "Unity.Searcher.Editor", "Unity.Searcher.Editor.csproj", "{0D304AC3-ADFE-EC58-8D87-AD7E665D79CD}"
EndProject
Project("{FAE04EC0-301F-11D3-BF4B-00C04F79EFBC}") = "UnityEditor.TestRunner", "UnityEditor.TestRunner.csproj", "{8A77C293-3BBA-2D6F-7FC7-9014531941B4}"
EndProject
Project("{FAE04EC0-301F-11D3-BF4B-00C04F79EFBC}") = "Unity.2D.SpriteShape.Runtime", "Unity.2D.SpriteShape.Runtime.csproj", "{631A8A44-3247-9DCD-94FE-F70F7D98D26E}"
EndProject
Project("{FAE04EC0-301F-11D3-BF4B-00C04F79EFBC}") = "Unity.VisualScripting.Core", "Unity.VisualScripting.Core.csproj", "{4DAD3C5F-71AE-26F7-9110-491F0AD2FC5E}"
EndProject
Project("{FAE04EC0-301F-11D3-BF4B-00C04F79EFBC}") = "Unity.RenderPipelines.Universal.Runtime", "Unity.RenderPipelines.Universal.Runtime.csproj", "{666C23F9-084A-9A9F-BEDA-A3F2A5387A60}"
EndProject
Project("{FAE04EC0-301F-11D3-BF4B-00C04F79EFBC}") = "Unity.CollabProxy.Editor", "Unity.CollabProxy.Editor.csproj", "{3F62550A-EF14-B44D-2743-A4BF41ED8A77}"
EndProject
Project("{FAE04EC0-301F-11D3-BF4B-00C04F79EFBC}") = "Unity.AI.Navigation.Editor.ConversionSystem", "Unity.AI.Navigation.Editor.ConversionSystem.csproj", "{C5192324-4D47-A66D-9BBA-C89B6102FE8F}"
EndProject
Project("{FAE04EC0-301F-11D3-BF4B-00C04F79EFBC}") = "Unity.VisualScripting.State.Editor", "Unity.VisualScripting.State.Editor.csproj", "{1B8B6AC4-06C7-FEC5-B0D1-DCB82E4F93B2}"
EndProject
Project("{FAE04EC0-301F-11D3-BF4B-00C04F79EFBC}") = "Unity.Burst.CodeGen", "Unity.Burst.CodeGen.csproj", "{1DA803C8-1CC1-BBE3-78CA-B120EC5CBB44}"
EndProject
Project("{FAE04EC0-301F-11D3-BF4B-00C04F79EFBC}") = "Unity.VisualScripting.Flow", "Unity.VisualScripting.Flow.csproj", "{0FE5BABA-E592-E01E-F3D2-D794F0142A94}"
EndProject
Project("{FAE04EC0-301F-11D3-BF4B-00C04F79EFBC}") = "Unity.PerformanceTesting", "Unity.PerformanceTesting.csproj", "{B3E4F73A-672F-53A1-7EAF-EDD7D6DD2BB6}"
EndProject
Project("{FAE04EC0-301F-11D3-BF4B-00C04F79EFBC}") = "Unity.2D.Tilemap.Extras.Editor", "Unity.2D.Tilemap.Extras.Editor.csproj", "{16336709-E139-7991-3247-6C80AA9EC3AE}"
EndProject
Project("{FAE04EC0-301F-11D3-BF4B-00C04F79EFBC}") = "Unity.TextMeshPro", "Unity.TextMeshPro.csproj", "{8173751C-8625-50B2-C16B-B34CAE163DEE}"
EndProject
Project("{FAE04EC0-301F-11D3-BF4B-00C04F79EFBC}") = "Unity.TextMeshPro.Editor", "Unity.TextMeshPro.Editor.csproj", "{23F2E7BD-7478-3E51-E31F-C14E075B3174}"
EndProject
Project("{FAE04EC0-301F-11D3-BF4B-00C04F79EFBC}") = "Unity.Rendering.LightTransport.Runtime", "Unity.Rendering.LightTransport.Runtime.csproj", "{D3A9E0AE-A45C-923A-B910-31F4BF462F01}"
EndProject
Project("{FAE04EC0-301F-11D3-BF4B-00C04F79EFBC}") = "PsdPlugin", "PsdPlugin.csproj", "{36925463-DC7E-A651-5820-BFA9A06D6DDC}"
EndProject
Project("{FAE04EC0-301F-11D3-BF4B-00C04F79EFBC}") = "Unity.2D.IK.Editor", "Unity.2D.IK.Editor.csproj", "{6F4092BF-C450-E3F1-35C9-3CF507EC9B70}"
EndProject
Project("{FAE04EC0-301F-11D3-BF4B-00C04F79EFBC}") = "Unity.InternalAPIEngineBridge.001", "Unity.InternalAPIEngineBridge.001.csproj", "{D50329A3-8FAB-F252-89FA-200A6B7A56E9}"
EndProject
Project("{FAE04EC0-301F-11D3-BF4B-00C04F79EFBC}") = "Unity.2D.Aseprite.Common", "Unity.2D.Aseprite.Common.csproj", "{145190D3-D167-E3DC-DDA4-25F3502A5B22}"
EndProject
Project("{FAE04EC0-301F-11D3-BF4B-00C04F79EFBC}") = "Unity.Burst.Editor", "Unity.Burst.Editor.csproj", "{F06A8B9D-FD44-28A0-02DF-DB7451C79407}"
EndProject
Project("{FAE04EC0-301F-11D3-BF4B-00C04F79EFBC}") = "Unity.2D.Common.Path.Editor", "Unity.2D.Common.Path.Editor.csproj", "{8790BBC9-B2D6-7F67-8FF6-48B99516089F}"
EndProject
Project("{FAE04EC0-301F-11D3-BF4B-00C04F79EFBC}") = "Unity.2D.Common.Editor", "Unity.2D.Common.Editor.csproj", "{59D7186F-383E-9343-8FFD-B52CC3EA4C19}"
EndProject
Project("{FAE04EC0-301F-11D3-BF4B-00C04F79EFBC}") = "Unity.Rider.Editor", "Unity.Rider.Editor.csproj", "{A6413A13-FA20-8B39-2233-806F2AFF2131}"
EndProject
Project("{FAE04EC0-301F-11D3-BF4B-00C04F79EFBC}") = "Unity.VisualScripting.State", "Unity.VisualScripting.State.csproj", "{D7031017-EF8F-80C2-8635-E31FFE3E9B59}"
EndProject
Project("{FAE04EC0-301F-11D3-BF4B-00C04F79EFBC}") = "Unity.InternalAPIEditorBridge.001", "Unity.InternalAPIEditorBridge.001.csproj", "{ECFF9208-7FAE-FE44-126C-4E01882DF671}"
EndProject
Project("{FAE04EC0-301F-11D3-BF4B-00C04F79EFBC}") = "Unity.AI.Navigation.Updater", "Unity.AI.Navigation.Updater.csproj", "{EF30ACE3-2903-C35E-4043-649825D26D86}"
EndProject
Project("{FAE04EC0-301F-11D3-BF4B-00C04F79EFBC}") = "UnityEditor.UI", "UnityEditor.UI.csproj", "{D6C8A274-342D-7ABF-9580-404B8C0EAB7B}"
EndProject
Project("{FAE04EC0-301F-11D3-BF4B-00C04F79EFBC}") = "Assembly-CSharp", "Assembly-CSharp.csproj", "{1278C83B-D139-D65F-36AF-4DFFA251546C}"
EndProject
Project("{FAE04EC0-301F-11D3-BF4B-00C04F79EFBC}") = "Unity.AI.Navigation.Editor", "Unity.AI.Navigation.Editor.csproj", "{80561A78-3103-34EE-576F-A9DBF75362C6}"
EndProject
Project("{FAE04EC0-301F-11D3-BF4B-00C04F79EFBC}") = "Unity.2D.PixelPerfect.Editor", "Unity.2D.PixelPerfect.Editor.csproj", "{6B9DCBE0-1ED3-5A01-433D-A869D101D80D}"
EndProject
Project("{FAE04EC0-301F-11D3-BF4B-00C04F79EFBC}") = "Unity.2D.Sprite.Editor", "Unity.2D.Sprite.Editor.csproj", "{A1A08D95-9874-06A9-79B6-867291529C44}"
EndProject
Project("{FAE04EC0-301F-11D3-BF4B-00C04F79EFBC}") = "Unity.Multiplayer.Center.Common", "Unity.Multiplayer.Center.Common.csproj", "{9415E4FA-C0DC-5010-3F4A-495974D24436}"
EndProject
Project("{FAE04EC0-301F-11D3-BF4B-00C04F79EFBC}") = "Unity.InputSystem.ForUI", "Unity.InputSystem.ForUI.csproj", "{40E96EAA-36C4-C08C-12C7-9D42CD4A4545}"
EndProject
Project("{FAE04EC0-301F-11D3-BF4B-00C04F79EFBC}") = "Unity.AI.Navigation", "Unity.AI.Navigation.csproj", "{E7D5C810-ECEE-7879-8C88-80E1062FB165}"
EndProject
Project("{FAE04EC0-301F-11D3-BF4B-00C04F79EFBC}") = "Unity.Collections.CodeGen", "Unity.Collections.CodeGen.csproj", "{B0A52AF5-C6B5-E253-20C9-302A51A30F39}"
EndProject
Project("{FAE04EC0-301F-11D3-BF4B-00C04F79EFBC}") = "Unity.2D.Tilemap.Extras", "Unity.2D.Tilemap.Extras.csproj", "{7119E193-0680-1AC8-CA0A-75B3A9429E92}"
EndProject
Project("{FAE04EC0-301F-11D3-BF4B-00C04F79EFBC}") = "Unity.2D.Animation.Runtime", "Unity.2D.Animation.Runtime.csproj", "{2B4E82EA-D471-A6BF-AA73-BCFD4DBF9FBD}"
EndProject
Project("{FAE04EC0-301F-11D3-BF4B-00C04F79EFBC}") = "Unity.Mathematics.Editor", "Unity.Mathematics.Editor.csproj", "{F440FEBD-922C-5BB8-4960-AE4EDCD2A6BA}"
EndProject
Project("{FAE04EC0-301F-11D3-BF4B-00C04F79EFBC}") = "Unity.VisualScripting.SettingsProvider.Editor", "Unity.VisualScripting.SettingsProvider.Editor.csproj", "{34F38D86-3E58-8ECB-1847-F0853BEF73A0}"
EndProject
Project("{FAE04EC0-301F-11D3-BF4B-00C04F79EFBC}") = "Assembly-CSharp-Editor", "Assembly-CSharp-Editor.csproj", "{27958C80-270A-7C56-84E3-0C6439A1E8C6}"
EndProject
Project("{FAE04EC0-301F-11D3-BF4B-00C04F79EFBC}") = "Unity.InputSystem.TestFramework", "Unity.InputSystem.TestFramework.csproj", "{1183679B-B23F-4663-1C85-77DB3EBC185A}"
EndProject
Project("{FAE04EC0-301F-11D3-BF4B-00C04F79EFBC}") = "Unity.ShaderGraph.Utilities", "Unity.ShaderGraph.Utilities.csproj", "{12F12438-300D-E18F-41D7-98BF099045C4}"
EndProject
Project("{FAE04EC0-301F-11D3-BF4B-00C04F79EFBC}") = "Unity.VisualScripting.Shared.Editor", "Unity.VisualScripting.Shared.Editor.csproj", "{C14E6463-1E2C-C3D7-CAD3-251FA7C5AC86}"
EndProject
Project("{FAE04EC0-301F-11D3-BF4B-00C04F79EFBC}") = "Unity.RenderPipeline.Universal.ShaderLibrary", "Unity.RenderPipeline.Universal.ShaderLibrary.csproj", "{27DE547D-3839-40E5-4FB1-CDDA63E59187}"
EndProject
Project("{FAE04EC0-301F-11D3-BF4B-00C04F79EFBC}") = "Unity.2D.Common.Runtime", "Unity.2D.Common.Runtime.csproj", "{508D70EF-7A25-1C50-E3D7-336AC1ADEA97}"
EndProject
Project("{FAE04EC0-301F-11D3-BF4B-00C04F79EFBC}") = "Unity.2D.PixelPerfect", "Unity.2D.PixelPerfect.csproj", "{323CCCCB-007D-7F28-15C0-1B0DC24D2F28}"
EndProject
Project("{FAE04EC0-301F-11D3-BF4B-00C04F79EFBC}") = "Unity.Rendering.LightTransport.Editor", "Unity.Rendering.LightTransport.Editor.csproj", "{16DC5A94-D5AE-C3E9-BB86-C4BB08202E4F}"
EndProject
Project("{FAE04EC0-301F-11D3-BF4B-00C04F79EFBC}") = "Unity.InputSystem.DocCodeSamples", "Unity.InputSystem.DocCodeSamples.csproj", "{1B00EB12-69E7-EBA1-DDF3-222C61C386E8}"
EndProject
Project("{FAE04EC0-301F-11D3-BF4B-00C04F79EFBC}") = "Unity.RenderPipelines.Universal.Shaders", "Unity.RenderPipelines.Universal.Shaders.csproj", "{05847412-8915-A16D-4A36-8BE6A712C5FF}"
EndProject
Project("{FAE04EC0-301F-11D3-BF4B-00C04F79EFBC}") = "Unity.RenderPipelines.Core.Runtime.Shared", "Unity.RenderPipelines.Core.Runtime.Shared.csproj", "{BA3D4D5F-462B-7195-6A62-18B58850ACB5}"
EndProject
Project("{FAE04EC0-301F-11D3-BF4B-00C04F79EFBC}") = "ScriptablePacker", "ScriptablePacker.csproj", "{7CD47D55-204A-7E92-C85C-1A67BB7128E9}"
EndProject
Project("{FAE04EC0-301F-11D3-BF4B-00C04F79EFBC}") = "Unity.PlasticSCM.Editor.Entities", "Unity.PlasticSCM.Editor.Entities.csproj", "{C30560D0-2299-9BC1-1016-D4D0AB57E5C3}"
EndProject
Project("{FAE04EC0-301F-11D3-BF4B-00C04F79EFBC}") = "Unity.Collections.Editor", "Unity.Collections.Editor.csproj", "{A157E0A9-7824-3F98-8868-73744175B203}"
EndProject
Project("{FAE04EC0-301F-11D3-BF4B-00C04F79EFBC}") = "Unity.RenderPipelines.Universal.Config.Runtime", "Unity.RenderPipelines.Universal.Config.Runtime.csproj", "{7536EBC7-0738-2D87-053B-B2E667664DC0}"
EndProject
Project("{FAE04EC0-301F-11D3-BF4B-00C04F79EFBC}") = "Unity.RenderPipelines.ShaderGraph.ShaderGraphLibrary", "Unity.RenderPipelines.ShaderGraph.ShaderGraphLibrary.csproj", "{81776DE2-B0DD-8BF8-95F5-0AE6A09396AA}"
EndProject
Project("{FAE04EC0-301F-11D3-BF4B-00C04F79EFBC}") = "Unity.RenderPipelines.Core.ShaderLibrary", "Unity.RenderPipelines.Core.ShaderLibrary.csproj", "{2FC5FCF4-CC5C-0A5C-F8EA-0176827DB704}"
EndProject
Project("{FAE04EC0-301F-11D3-BF4B-00C04F79EFBC}") = "Unity.RenderPipelines.Core.Editor.Shared", "Unity.RenderPipelines.Core.Editor.Shared.csproj", "{9A7B837F-1BFF-EE19-742F-7C8D8BCA8D06}"
EndProject
Global
	GlobalSection(SolutionConfigurationPlatforms) = preSolution
		Debug|Any CPU = Debug|Any CPU
		Release|Any CPU = Release|Any CPU
	EndGlobalSection
	GlobalSection(ProjectConfigurationPlatforms) = postSolution
		{03D9E8C0-D12A-177E-6DA7-9DAA96BB966E}.Debug|Any CPU.ActiveCfg = Debug|Any CPU
		{03D9E8C0-D12A-177E-6DA7-9DAA96BB966E}.Debug|Any CPU.Build.0 = Debug|Any CPU
		{03D9E8C0-D12A-177E-6DA7-9DAA96BB966E}.Release|Any CPU.ActiveCfg = Release|Any CPU
		{03D9E8C0-D12A-177E-6DA7-9DAA96BB966E}.Release|Any CPU.Build.0 = Release|Any CPU
		{950E9293-E772-1FB7-455F-6ED25323213F}.Debug|Any CPU.ActiveCfg = Debug|Any CPU
		{950E9293-E772-1FB7-455F-6ED25323213F}.Debug|Any CPU.Build.0 = Debug|Any CPU
		{950E9293-E772-1FB7-455F-6ED25323213F}.Release|Any CPU.ActiveCfg = Release|Any CPU
		{950E9293-E772-1FB7-455F-6ED25323213F}.Release|Any CPU.Build.0 = Release|Any CPU
		{6E6C2CA9-A86A-30C6-F9DB-3AEB4412DF43}.Debug|Any CPU.ActiveCfg = Debug|Any CPU
		{6E6C2CA9-A86A-30C6-F9DB-3AEB4412DF43}.Debug|Any CPU.Build.0 = Debug|Any CPU
		{6E6C2CA9-A86A-30C6-F9DB-3AEB4412DF43}.Release|Any CPU.ActiveCfg = Release|Any CPU
		{6E6C2CA9-A86A-30C6-F9DB-3AEB4412DF43}.Release|Any CPU.Build.0 = Release|Any CPU
		{FD5B862A-6FD1-165E-E6A4-C220D231FBF1}.Debug|Any CPU.ActiveCfg = Debug|Any CPU
		{FD5B862A-6FD1-165E-E6A4-C220D231FBF1}.Debug|Any CPU.Build.0 = Debug|Any CPU
		{FD5B862A-6FD1-165E-E6A4-C220D231FBF1}.Release|Any CPU.ActiveCfg = Release|Any CPU
		{FD5B862A-6FD1-165E-E6A4-C220D231FBF1}.Release|Any CPU.Build.0 = Release|Any CPU
		{02212A98-E3B7-69E7-3594-DE6403F3AC21}.Debug|Any CPU.ActiveCfg = Debug|Any CPU
		{02212A98-E3B7-69E7-3594-DE6403F3AC21}.Debug|Any CPU.Build.0 = Debug|Any CPU
		{02212A98-E3B7-69E7-3594-DE6403F3AC21}.Release|Any CPU.ActiveCfg = Release|Any CPU
		{02212A98-E3B7-69E7-3594-DE6403F3AC21}.Release|Any CPU.Build.0 = Release|Any CPU
		{52E85E99-97BF-12D2-5332-7C2BCE925F36}.Debug|Any CPU.ActiveCfg = Debug|Any CPU
		{52E85E99-97BF-12D2-5332-7C2BCE925F36}.Debug|Any CPU.Build.0 = Debug|Any CPU
		{52E85E99-97BF-12D2-5332-7C2BCE925F36}.Release|Any CPU.ActiveCfg = Release|Any CPU
		{52E85E99-97BF-12D2-5332-7C2BCE925F36}.Release|Any CPU.Build.0 = Release|Any CPU
		{D81013C4-1FA3-C338-0555-FFDCBE1187D9}.Debug|Any CPU.ActiveCfg = Debug|Any CPU
		{D81013C4-1FA3-C338-0555-FFDCBE1187D9}.Debug|Any CPU.Build.0 = Debug|Any CPU
		{D81013C4-1FA3-C338-0555-FFDCBE1187D9}.Release|Any CPU.ActiveCfg = Release|Any CPU
		{D81013C4-1FA3-C338-0555-FFDCBE1187D9}.Release|Any CPU.Build.0 = Release|Any CPU
		{0C28D82D-EC4E-E4AB-6957-D86B98B84361}.Debug|Any CPU.ActiveCfg = Debug|Any CPU
		{0C28D82D-EC4E-E4AB-6957-D86B98B84361}.Debug|Any CPU.Build.0 = Debug|Any CPU
		{0C28D82D-EC4E-E4AB-6957-D86B98B84361}.Release|Any CPU.ActiveCfg = Release|Any CPU
		{0C28D82D-EC4E-E4AB-6957-D86B98B84361}.Release|Any CPU.Build.0 = Release|Any CPU
		{219B565F-157C-66D0-7424-EC7A258A84EE}.Debug|Any CPU.ActiveCfg = Debug|Any CPU
		{219B565F-157C-66D0-7424-EC7A258A84EE}.Debug|Any CPU.Build.0 = Debug|Any CPU
		{219B565F-157C-66D0-7424-EC7A258A84EE}.Release|Any CPU.ActiveCfg = Release|Any CPU
		{219B565F-157C-66D0-7424-EC7A258A84EE}.Release|Any CPU.Build.0 = Release|Any CPU
		{89EAFA47-621E-0375-3E8B-89B1F53DAE28}.Debug|Any CPU.ActiveCfg = Debug|Any CPU
		{89EAFA47-621E-0375-3E8B-89B1F53DAE28}.Debug|Any CPU.Build.0 = Debug|Any CPU
		{89EAFA47-621E-0375-3E8B-89B1F53DAE28}.Release|Any CPU.ActiveCfg = Release|Any CPU
		{89EAFA47-621E-0375-3E8B-89B1F53DAE28}.Release|Any CPU.Build.0 = Release|Any CPU
		{082DC5AA-8FF8-55AE-E99F-265FCEDFA7C1}.Debug|Any CPU.ActiveCfg = Debug|Any CPU
		{082DC5AA-8FF8-55AE-E99F-265FCEDFA7C1}.Debug|Any CPU.Build.0 = Debug|Any CPU
		{082DC5AA-8FF8-55AE-E99F-265FCEDFA7C1}.Release|Any CPU.ActiveCfg = Release|Any CPU
		{082DC5AA-8FF8-55AE-E99F-265FCEDFA7C1}.Release|Any CPU.Build.0 = Release|Any CPU
		{A387F022-6846-F525-690C-FCC743B0AAD8}.Debug|Any CPU.ActiveCfg = Debug|Any CPU
		{A387F022-6846-F525-690C-FCC743B0AAD8}.Debug|Any CPU.Build.0 = Debug|Any CPU
		{A387F022-6846-F525-690C-FCC743B0AAD8}.Release|Any CPU.ActiveCfg = Release|Any CPU
		{A387F022-6846-F525-690C-FCC743B0AAD8}.Release|Any CPU.Build.0 = Release|Any CPU
		{9DCFF0D2-0446-BD8A-843B-75C7E5876D42}.Debug|Any CPU.ActiveCfg = Debug|Any CPU
		{9DCFF0D2-0446-BD8A-843B-75C7E5876D42}.Debug|Any CPU.Build.0 = Debug|Any CPU
		{9DCFF0D2-0446-BD8A-843B-75C7E5876D42}.Release|Any CPU.ActiveCfg = Release|Any CPU
		{9DCFF0D2-0446-BD8A-843B-75C7E5876D42}.Release|Any CPU.Build.0 = Release|Any CPU
		{676568EA-2C6C-520A-DCDA-743B1D39C4C3}.Debug|Any CPU.ActiveCfg = Debug|Any CPU
		{676568EA-2C6C-520A-DCDA-743B1D39C4C3}.Debug|Any CPU.Build.0 = Debug|Any CPU
		{676568EA-2C6C-520A-DCDA-743B1D39C4C3}.Release|Any CPU.ActiveCfg = Release|Any CPU
		{676568EA-2C6C-520A-DCDA-743B1D39C4C3}.Release|Any CPU.Build.0 = Release|Any CPU
		{D2BECA88-C0FB-E5E2-65FD-9A8685F977D2}.Debug|Any CPU.ActiveCfg = Debug|Any CPU
		{D2BECA88-C0FB-E5E2-65FD-9A8685F977D2}.Debug|Any CPU.Build.0 = Debug|Any CPU
		{D2BECA88-C0FB-E5E2-65FD-9A8685F977D2}.Release|Any CPU.ActiveCfg = Release|Any CPU
		{D2BECA88-C0FB-E5E2-65FD-9A8685F977D2}.Release|Any CPU.Build.0 = Release|Any CPU
		{10BA0E15-B88E-EF3F-6D0C-A3DB5F624E2E}.Debug|Any CPU.ActiveCfg = Debug|Any CPU
		{10BA0E15-B88E-EF3F-6D0C-A3DB5F624E2E}.Debug|Any CPU.Build.0 = Debug|Any CPU
		{10BA0E15-B88E-EF3F-6D0C-A3DB5F624E2E}.Release|Any CPU.ActiveCfg = Release|Any CPU
		{10BA0E15-B88E-EF3F-6D0C-A3DB5F624E2E}.Release|Any CPU.Build.0 = Release|Any CPU
		{F1786E23-D4DB-E2B2-3C92-BD2E100867DD}.Debug|Any CPU.ActiveCfg = Debug|Any CPU
		{F1786E23-D4DB-E2B2-3C92-BD2E100867DD}.Debug|Any CPU.Build.0 = Debug|Any CPU
		{F1786E23-D4DB-E2B2-3C92-BD2E100867DD}.Release|Any CPU.ActiveCfg = Release|Any CPU
		{F1786E23-D4DB-E2B2-3C92-BD2E100867DD}.Release|Any CPU.Build.0 = Release|Any CPU
		{5694E6B1-4164-AE1B-7C02-D26EE0AF22AD}.Debug|Any CPU.ActiveCfg = Debug|Any CPU
		{5694E6B1-4164-AE1B-7C02-D26EE0AF22AD}.Debug|Any CPU.Build.0 = Debug|Any CPU
		{5694E6B1-4164-AE1B-7C02-D26EE0AF22AD}.Release|Any CPU.ActiveCfg = Release|Any CPU
		{5694E6B1-4164-AE1B-7C02-D26EE0AF22AD}.Release|Any CPU.Build.0 = Release|Any CPU
		{4E153723-FD3F-C458-DEB3-6E6738D5E5B6}.Debug|Any CPU.ActiveCfg = Debug|Any CPU
		{4E153723-FD3F-C458-DEB3-6E6738D5E5B6}.Debug|Any CPU.Build.0 = Debug|Any CPU
		{4E153723-FD3F-C458-DEB3-6E6738D5E5B6}.Release|Any CPU.ActiveCfg = Release|Any CPU
		{4E153723-FD3F-C458-DEB3-6E6738D5E5B6}.Release|Any CPU.Build.0 = Release|Any CPU
		{6511ED01-4108-D3A2-9562-EB40921A77FF}.Debug|Any CPU.ActiveCfg = Debug|Any CPU
		{6511ED01-4108-D3A2-9562-EB40921A77FF}.Debug|Any CPU.Build.0 = Debug|Any CPU
		{6511ED01-4108-D3A2-9562-EB40921A77FF}.Release|Any CPU.ActiveCfg = Release|Any CPU
		{6511ED01-4108-D3A2-9562-EB40921A77FF}.Release|Any CPU.Build.0 = Release|Any CPU
		{BE595CA0-E634-A62B-48EA-2A6E3C4F7DC2}.Debug|Any CPU.ActiveCfg = Debug|Any CPU
		{BE595CA0-E634-A62B-48EA-2A6E3C4F7DC2}.Debug|Any CPU.Build.0 = Debug|Any CPU
		{BE595CA0-E634-A62B-48EA-2A6E3C4F7DC2}.Release|Any CPU.ActiveCfg = Release|Any CPU
		{BE595CA0-E634-A62B-48EA-2A6E3C4F7DC2}.Release|Any CPU.Build.0 = Release|Any CPU
		{2D0FA148-B871-0EDD-54CF-0DD111EAB15F}.Debug|Any CPU.ActiveCfg = Debug|Any CPU
		{2D0FA148-B871-0EDD-54CF-0DD111EAB15F}.Debug|Any CPU.Build.0 = Debug|Any CPU
		{2D0FA148-B871-0EDD-54CF-0DD111EAB15F}.Release|Any CPU.ActiveCfg = Release|Any CPU
		{2D0FA148-B871-0EDD-54CF-0DD111EAB15F}.Release|Any CPU.Build.0 = Release|Any CPU
		{F5377386-5B83-1F78-ECC1-910E7141D1AC}.Debug|Any CPU.ActiveCfg = Debug|Any CPU
		{F5377386-5B83-1F78-ECC1-910E7141D1AC}.Debug|Any CPU.Build.0 = Debug|Any CPU
		{F5377386-5B83-1F78-ECC1-910E7141D1AC}.Release|Any CPU.ActiveCfg = Release|Any CPU
		{F5377386-5B83-1F78-ECC1-910E7141D1AC}.Release|Any CPU.Build.0 = Release|Any CPU
		{FE78A40E-8D35-EB37-4F06-2833C34A5D21}.Debug|Any CPU.ActiveCfg = Debug|Any CPU
		{FE78A40E-8D35-EB37-4F06-2833C34A5D21}.Debug|Any CPU.Build.0 = Debug|Any CPU
		{FE78A40E-8D35-EB37-4F06-2833C34A5D21}.Release|Any CPU.ActiveCfg = Release|Any CPU
		{FE78A40E-8D35-EB37-4F06-2833C34A5D21}.Release|Any CPU.Build.0 = Release|Any CPU
		{12039AAD-176F-FF61-95F8-C173F7EB6DC8}.Debug|Any CPU.ActiveCfg = Debug|Any CPU
		{12039AAD-176F-FF61-95F8-C173F7EB6DC8}.Debug|Any CPU.Build.0 = Debug|Any CPU
		{12039AAD-176F-FF61-95F8-C173F7EB6DC8}.Release|Any CPU.ActiveCfg = Release|Any CPU
		{12039AAD-176F-FF61-95F8-C173F7EB6DC8}.Release|Any CPU.Build.0 = Release|Any CPU
		{B41C005D-45CA-2587-6A9F-2563DBB5DF34}.Debug|Any CPU.ActiveCfg = Debug|Any CPU
		{B41C005D-45CA-2587-6A9F-2563DBB5DF34}.Debug|Any CPU.Build.0 = Debug|Any CPU
		{B41C005D-45CA-2587-6A9F-2563DBB5DF34}.Release|Any CPU.ActiveCfg = Release|Any CPU
		{B41C005D-45CA-2587-6A9F-2563DBB5DF34}.Release|Any CPU.Build.0 = Release|Any CPU
		{6CE3DEB0-8745-E7AE-3D0D-5BCC67642124}.Debug|Any CPU.ActiveCfg = Debug|Any CPU
		{6CE3DEB0-8745-E7AE-3D0D-5BCC67642124}.Debug|Any CPU.Build.0 = Debug|Any CPU
		{6CE3DEB0-8745-E7AE-3D0D-5BCC67642124}.Release|Any CPU.ActiveCfg = Release|Any CPU
		{6CE3DEB0-8745-E7AE-3D0D-5BCC67642124}.Release|Any CPU.Build.0 = Release|Any CPU
		{0D304AC3-ADFE-EC58-8D87-AD7E665D79CD}.Debug|Any CPU.ActiveCfg = Debug|Any CPU
		{0D304AC3-ADFE-EC58-8D87-AD7E665D79CD}.Debug|Any CPU.Build.0 = Debug|Any CPU
		{0D304AC3-ADFE-EC58-8D87-AD7E665D79CD}.Release|Any CPU.ActiveCfg = Release|Any CPU
		{0D304AC3-ADFE-EC58-8D87-AD7E665D79CD}.Release|Any CPU.Build.0 = Release|Any CPU
		{8A77C293-3BBA-2D6F-7FC7-9014531941B4}.Debug|Any CPU.ActiveCfg = Debug|Any CPU
		{8A77C293-3BBA-2D6F-7FC7-9014531941B4}.Debug|Any CPU.Build.0 = Debug|Any CPU
		{8A77C293-3BBA-2D6F-7FC7-9014531941B4}.Release|Any CPU.ActiveCfg = Release|Any CPU
		{8A77C293-3BBA-2D6F-7FC7-9014531941B4}.Release|Any CPU.Build.0 = Release|Any CPU
		{631A8A44-3247-9DCD-94FE-F70F7D98D26E}.Debug|Any CPU.ActiveCfg = Debug|Any CPU
		{631A8A44-3247-9DCD-94FE-F70F7D98D26E}.Debug|Any CPU.Build.0 = Debug|Any CPU
		{631A8A44-3247-9DCD-94FE-F70F7D98D26E}.Release|Any CPU.ActiveCfg = Release|Any CPU
		{631A8A44-3247-9DCD-94FE-F70F7D98D26E}.Release|Any CPU.Build.0 = Release|Any CPU
		{4DAD3C5F-71AE-26F7-9110-491F0AD2FC5E}.Debug|Any CPU.ActiveCfg = Debug|Any CPU
		{4DAD3C5F-71AE-26F7-9110-491F0AD2FC5E}.Debug|Any CPU.Build.0 = Debug|Any CPU
		{4DAD3C5F-71AE-26F7-9110-491F0AD2FC5E}.Release|Any CPU.ActiveCfg = Release|Any CPU
		{4DAD3C5F-71AE-26F7-9110-491F0AD2FC5E}.Release|Any CPU.Build.0 = Release|Any CPU
		{666C23F9-084A-9A9F-BEDA-A3F2A5387A60}.Debug|Any CPU.ActiveCfg = Debug|Any CPU
		{666C23F9-084A-9A9F-BEDA-A3F2A5387A60}.Debug|Any CPU.Build.0 = Debug|Any CPU
		{666C23F9-084A-9A9F-BEDA-A3F2A5387A60}.Release|Any CPU.ActiveCfg = Release|Any CPU
		{666C23F9-084A-9A9F-BEDA-A3F2A5387A60}.Release|Any CPU.Build.0 = Release|Any CPU
		{3F62550A-EF14-B44D-2743-A4BF41ED8A77}.Debug|Any CPU.ActiveCfg = Debug|Any CPU
		{3F62550A-EF14-B44D-2743-A4BF41ED8A77}.Debug|Any CPU.Build.0 = Debug|Any CPU
		{3F62550A-EF14-B44D-2743-A4BF41ED8A77}.Release|Any CPU.ActiveCfg = Release|Any CPU
		{3F62550A-EF14-B44D-2743-A4BF41ED8A77}.Release|Any CPU.Build.0 = Release|Any CPU
		{C5192324-4D47-A66D-9BBA-C89B6102FE8F}.Debug|Any CPU.ActiveCfg = Debug|Any CPU
		{C5192324-4D47-A66D-9BBA-C89B6102FE8F}.Debug|Any CPU.Build.0 = Debug|Any CPU
		{C5192324-4D47-A66D-9BBA-C89B6102FE8F}.Release|Any CPU.ActiveCfg = Release|Any CPU
		{C5192324-4D47-A66D-9BBA-C89B6102FE8F}.Release|Any CPU.Build.0 = Release|Any CPU
		{1B8B6AC4-06C7-FEC5-B0D1-DCB82E4F93B2}.Debug|Any CPU.ActiveCfg = Debug|Any CPU
		{1B8B6AC4-06C7-FEC5-B0D1-DCB82E4F93B2}.Debug|Any CPU.Build.0 = Debug|Any CPU
		{1B8B6AC4-06C7-FEC5-B0D1-DCB82E4F93B2}.Release|Any CPU.ActiveCfg = Release|Any CPU
		{1B8B6AC4-06C7-FEC5-B0D1-DCB82E4F93B2}.Release|Any CPU.Build.0 = Release|Any CPU
		{1DA803C8-1CC1-BBE3-78CA-B120EC5CBB44}.Debug|Any CPU.ActiveCfg = Debug|Any CPU
		{1DA803C8-1CC1-BBE3-78CA-B120EC5CBB44}.Debug|Any CPU.Build.0 = Debug|Any CPU
		{1DA803C8-1CC1-BBE3-78CA-B120EC5CBB44}.Release|Any CPU.ActiveCfg = Release|Any CPU
		{1DA803C8-1CC1-BBE3-78CA-B120EC5CBB44}.Release|Any CPU.Build.0 = Release|Any CPU
		{0FE5BABA-E592-E01E-F3D2-D794F0142A94}.Debug|Any CPU.ActiveCfg = Debug|Any CPU
		{0FE5BABA-E592-E01E-F3D2-D794F0142A94}.Debug|Any CPU.Build.0 = Debug|Any CPU
		{0FE5BABA-E592-E01E-F3D2-D794F0142A94}.Release|Any CPU.ActiveCfg = Release|Any CPU
		{0FE5BABA-E592-E01E-F3D2-D794F0142A94}.Release|Any CPU.Build.0 = Release|Any CPU
		{B3E4F73A-672F-53A1-7EAF-EDD7D6DD2BB6}.Debug|Any CPU.ActiveCfg = Debug|Any CPU
		{B3E4F73A-672F-53A1-7EAF-EDD7D6DD2BB6}.Debug|Any CPU.Build.0 = Debug|Any CPU
		{B3E4F73A-672F-53A1-7EAF-EDD7D6DD2BB6}.Release|Any CPU.ActiveCfg = Release|Any CPU
		{B3E4F73A-672F-53A1-7EAF-EDD7D6DD2BB6}.Release|Any CPU.Build.0 = Release|Any CPU
		{16336709-E139-7991-3247-6C80AA9EC3AE}.Debug|Any CPU.ActiveCfg = Debug|Any CPU
		{16336709-E139-7991-3247-6C80AA9EC3AE}.Debug|Any CPU.Build.0 = Debug|Any CPU
		{16336709-E139-7991-3247-6C80AA9EC3AE}.Release|Any CPU.ActiveCfg = Release|Any CPU
		{16336709-E139-7991-3247-6C80AA9EC3AE}.Release|Any CPU.Build.0 = Release|Any CPU
		{8173751C-8625-50B2-C16B-B34CAE163DEE}.Debug|Any CPU.ActiveCfg = Debug|Any CPU
		{8173751C-8625-50B2-C16B-B34CAE163DEE}.Debug|Any CPU.Build.0 = Debug|Any CPU
		{8173751C-8625-50B2-C16B-B34CAE163DEE}.Release|Any CPU.ActiveCfg = Release|Any CPU
		{8173751C-8625-50B2-C16B-B34CAE163DEE}.Release|Any CPU.Build.0 = Release|Any CPU
		{23F2E7BD-7478-3E51-E31F-C14E075B3174}.Debug|Any CPU.ActiveCfg = Debug|Any CPU
		{23F2E7BD-7478-3E51-E31F-C14E075B3174}.Debug|Any CPU.Build.0 = Debug|Any CPU
		{23F2E7BD-7478-3E51-E31F-C14E075B3174}.Release|Any CPU.ActiveCfg = Release|Any CPU
		{23F2E7BD-7478-3E51-E31F-C14E075B3174}.Release|Any CPU.Build.0 = Release|Any CPU
		{D3A9E0AE-A45C-923A-B910-31F4BF462F01}.Debug|Any CPU.ActiveCfg = Debug|Any CPU
		{D3A9E0AE-A45C-923A-B910-31F4BF462F01}.Debug|Any CPU.Build.0 = Debug|Any CPU
		{D3A9E0AE-A45C-923A-B910-31F4BF462F01}.Release|Any CPU.ActiveCfg = Release|Any CPU
		{D3A9E0AE-A45C-923A-B910-31F4BF462F01}.Release|Any CPU.Build.0 = Release|Any CPU
		{36925463-DC7E-A651-5820-BFA9A06D6DDC}.Debug|Any CPU.ActiveCfg = Debug|Any CPU
		{36925463-DC7E-A651-5820-BFA9A06D6DDC}.Debug|Any CPU.Build.0 = Debug|Any CPU
		{36925463-DC7E-A651-5820-BFA9A06D6DDC}.Release|Any CPU.ActiveCfg = Release|Any CPU
		{36925463-DC7E-A651-5820-BFA9A06D6DDC}.Release|Any CPU.Build.0 = Release|Any CPU
		{6F4092BF-C450-E3F1-35C9-3CF507EC9B70}.Debug|Any CPU.ActiveCfg = Debug|Any CPU
		{6F4092BF-C450-E3F1-35C9-3CF507EC9B70}.Debug|Any CPU.Build.0 = Debug|Any CPU
		{6F4092BF-C450-E3F1-35C9-3CF507EC9B70}.Release|Any CPU.ActiveCfg = Release|Any CPU
		{6F4092BF-C450-E3F1-35C9-3CF507EC9B70}.Release|Any CPU.Build.0 = Release|Any CPU
		{D50329A3-8FAB-F252-89FA-200A6B7A56E9}.Debug|Any CPU.ActiveCfg = Debug|Any CPU
		{D50329A3-8FAB-F252-89FA-200A6B7A56E9}.Debug|Any CPU.Build.0 = Debug|Any CPU
		{D50329A3-8FAB-F252-89FA-200A6B7A56E9}.Release|Any CPU.ActiveCfg = Release|Any CPU
		{D50329A3-8FAB-F252-89FA-200A6B7A56E9}.Release|Any CPU.Build.0 = Release|Any CPU
		{145190D3-D167-E3DC-DDA4-25F3502A5B22}.Debug|Any CPU.ActiveCfg = Debug|Any CPU
		{145190D3-D167-E3DC-DDA4-25F3502A5B22}.Debug|Any CPU.Build.0 = Debug|Any CPU
		{145190D3-D167-E3DC-DDA4-25F3502A5B22}.Release|Any CPU.ActiveCfg = Release|Any CPU
		{145190D3-D167-E3DC-DDA4-25F3502A5B22}.Release|Any CPU.Build.0 = Release|Any CPU
		{F06A8B9D-FD44-28A0-02DF-DB7451C79407}.Debug|Any CPU.ActiveCfg = Debug|Any CPU
		{F06A8B9D-FD44-28A0-02DF-DB7451C79407}.Debug|Any CPU.Build.0 = Debug|Any CPU
		{F06A8B9D-FD44-28A0-02DF-DB7451C79407}.Release|Any CPU.ActiveCfg = Release|Any CPU
		{F06A8B9D-FD44-28A0-02DF-DB7451C79407}.Release|Any CPU.Build.0 = Release|Any CPU
		{8790BBC9-B2D6-7F67-8FF6-48B99516089F}.Debug|Any CPU.ActiveCfg = Debug|Any CPU
		{8790BBC9-B2D6-7F67-8FF6-48B99516089F}.Debug|Any CPU.Build.0 = Debug|Any CPU
		{8790BBC9-B2D6-7F67-8FF6-48B99516089F}.Release|Any CPU.ActiveCfg = Release|Any CPU
		{8790BBC9-B2D6-7F67-8FF6-48B99516089F}.Release|Any CPU.Build.0 = Release|Any CPU
		{59D7186F-383E-9343-8FFD-B52CC3EA4C19}.Debug|Any CPU.ActiveCfg = Debug|Any CPU
		{59D7186F-383E-9343-8FFD-B52CC3EA4C19}.Debug|Any CPU.Build.0 = Debug|Any CPU
		{59D7186F-383E-9343-8FFD-B52CC3EA4C19}.Release|Any CPU.ActiveCfg = Release|Any CPU
		{59D7186F-383E-9343-8FFD-B52CC3EA4C19}.Release|Any CPU.Build.0 = Release|Any CPU
		{A6413A13-FA20-8B39-2233-806F2AFF2131}.Debug|Any CPU.ActiveCfg = Debug|Any CPU
		{A6413A13-FA20-8B39-2233-806F2AFF2131}.Debug|Any CPU.Build.0 = Debug|Any CPU
		{A6413A13-FA20-8B39-2233-806F2AFF2131}.Release|Any CPU.ActiveCfg = Release|Any CPU
		{A6413A13-FA20-8B39-2233-806F2AFF2131}.Release|Any CPU.Build.0 = Release|Any CPU
		{D7031017-EF8F-80C2-8635-E31FFE3E9B59}.Debug|Any CPU.ActiveCfg = Debug|Any CPU
		{D7031017-EF8F-80C2-8635-E31FFE3E9B59}.Debug|Any CPU.Build.0 = Debug|Any CPU
		{D7031017-EF8F-80C2-8635-E31FFE3E9B59}.Release|Any CPU.ActiveCfg = Release|Any CPU
		{D7031017-EF8F-80C2-8635-E31FFE3E9B59}.Release|Any CPU.Build.0 = Release|Any CPU
		{ECFF9208-7FAE-FE44-126C-4E01882DF671}.Debug|Any CPU.ActiveCfg = Debug|Any CPU
		{ECFF9208-7FAE-FE44-126C-4E01882DF671}.Debug|Any CPU.Build.0 = Debug|Any CPU
		{ECFF9208-7FAE-FE44-126C-4E01882DF671}.Release|Any CPU.ActiveCfg = Release|Any CPU
		{ECFF9208-7FAE-FE44-126C-4E01882DF671}.Release|Any CPU.Build.0 = Release|Any CPU
		{EF30ACE3-2903-C35E-4043-649825D26D86}.Debug|Any CPU.ActiveCfg = Debug|Any CPU
		{EF30ACE3-2903-C35E-4043-649825D26D86}.Debug|Any CPU.Build.0 = Debug|Any CPU
		{EF30ACE3-2903-C35E-4043-649825D26D86}.Release|Any CPU.ActiveCfg = Release|Any CPU
		{EF30ACE3-2903-C35E-4043-649825D26D86}.Release|Any CPU.Build.0 = Release|Any CPU
		{D6C8A274-342D-7ABF-9580-404B8C0EAB7B}.Debug|Any CPU.ActiveCfg = Debug|Any CPU
		{D6C8A274-342D-7ABF-9580-404B8C0EAB7B}.Debug|Any CPU.Build.0 = Debug|Any CPU
		{D6C8A274-342D-7ABF-9580-404B8C0EAB7B}.Release|Any CPU.ActiveCfg = Release|Any CPU
		{D6C8A274-342D-7ABF-9580-404B8C0EAB7B}.Release|Any CPU.Build.0 = Release|Any CPU
		{1278C83B-D139-D65F-36AF-4DFFA251546C}.Debug|Any CPU.ActiveCfg = Debug|Any CPU
		{1278C83B-D139-D65F-36AF-4DFFA251546C}.Debug|Any CPU.Build.0 = Debug|Any CPU
		{1278C83B-D139-D65F-36AF-4DFFA251546C}.Release|Any CPU.ActiveCfg = Release|Any CPU
		{1278C83B-D139-D65F-36AF-4DFFA251546C}.Release|Any CPU.Build.0 = Release|Any CPU
		{80561A78-3103-34EE-576F-A9DBF75362C6}.Debug|Any CPU.ActiveCfg = Debug|Any CPU
		{80561A78-3103-34EE-576F-A9DBF75362C6}.Debug|Any CPU.Build.0 = Debug|Any CPU
		{80561A78-3103-34EE-576F-A9DBF75362C6}.Release|Any CPU.ActiveCfg = Release|Any CPU
		{80561A78-3103-34EE-576F-A9DBF75362C6}.Release|Any CPU.Build.0 = Release|Any CPU
		{6B9DCBE0-1ED3-5A01-433D-A869D101D80D}.Debug|Any CPU.ActiveCfg = Debug|Any CPU
		{6B9DCBE0-1ED3-5A01-433D-A869D101D80D}.Debug|Any CPU.Build.0 = Debug|Any CPU
		{6B9DCBE0-1ED3-5A01-433D-A869D101D80D}.Release|Any CPU.ActiveCfg = Release|Any CPU
		{6B9DCBE0-1ED3-5A01-433D-A869D101D80D}.Release|Any CPU.Build.0 = Release|Any CPU
		{A1A08D95-9874-06A9-79B6-867291529C44}.Debug|Any CPU.ActiveCfg = Debug|Any CPU
		{A1A08D95-9874-06A9-79B6-867291529C44}.Debug|Any CPU.Build.0 = Debug|Any CPU
		{A1A08D95-9874-06A9-79B6-867291529C44}.Release|Any CPU.ActiveCfg = Release|Any CPU
		{A1A08D95-9874-06A9-79B6-867291529C44}.Release|Any CPU.Build.0 = Release|Any CPU
		{9415E4FA-C0DC-5010-3F4A-495974D24436}.Debug|Any CPU.ActiveCfg = Debug|Any CPU
		{9415E4FA-C0DC-5010-3F4A-495974D24436}.Debug|Any CPU.Build.0 = Debug|Any CPU
		{9415E4FA-C0DC-5010-3F4A-495974D24436}.Release|Any CPU.ActiveCfg = Release|Any CPU
		{9415E4FA-C0DC-5010-3F4A-495974D24436}.Release|Any CPU.Build.0 = Release|Any CPU
		{40E96EAA-36C4-C08C-12C7-9D42CD4A4545}.Debug|Any CPU.ActiveCfg = Debug|Any CPU
		{40E96EAA-36C4-C08C-12C7-9D42CD4A4545}.Debug|Any CPU.Build.0 = Debug|Any CPU
		{40E96EAA-36C4-C08C-12C7-9D42CD4A4545}.Release|Any CPU.ActiveCfg = Release|Any CPU
		{40E96EAA-36C4-C08C-12C7-9D42CD4A4545}.Release|Any CPU.Build.0 = Release|Any CPU
		{E7D5C810-ECEE-7879-8C88-80E1062FB165}.Debug|Any CPU.ActiveCfg = Debug|Any CPU
		{E7D5C810-ECEE-7879-8C88-80E1062FB165}.Debug|Any CPU.Build.0 = Debug|Any CPU
		{E7D5C810-ECEE-7879-8C88-80E1062FB165}.Release|Any CPU.ActiveCfg = Release|Any CPU
		{E7D5C810-ECEE-7879-8C88-80E1062FB165}.Release|Any CPU.Build.0 = Release|Any CPU
		{B0A52AF5-C6B5-E253-20C9-302A51A30F39}.Debug|Any CPU.ActiveCfg = Debug|Any CPU
		{B0A52AF5-C6B5-E253-20C9-302A51A30F39}.Debug|Any CPU.Build.0 = Debug|Any CPU
		{B0A52AF5-C6B5-E253-20C9-302A51A30F39}.Release|Any CPU.ActiveCfg = Release|Any CPU
		{B0A52AF5-C6B5-E253-20C9-302A51A30F39}.Release|Any CPU.Build.0 = Release|Any CPU
		{7119E193-0680-1AC8-CA0A-75B3A9429E92}.Debug|Any CPU.ActiveCfg = Debug|Any CPU
		{7119E193-0680-1AC8-CA0A-75B3A9429E92}.Debug|Any CPU.Build.0 = Debug|Any CPU
		{7119E193-0680-1AC8-CA0A-75B3A9429E92}.Release|Any CPU.ActiveCfg = Release|Any CPU
		{7119E193-0680-1AC8-CA0A-75B3A9429E92}.Release|Any CPU.Build.0 = Release|Any CPU
		{2B4E82EA-D471-A6BF-AA73-BCFD4DBF9FBD}.Debug|Any CPU.ActiveCfg = Debug|Any CPU
		{2B4E82EA-D471-A6BF-AA73-BCFD4DBF9FBD}.Debug|Any CPU.Build.0 = Debug|Any CPU
		{2B4E82EA-D471-A6BF-AA73-BCFD4DBF9FBD}.Release|Any CPU.ActiveCfg = Release|Any CPU
		{2B4E82EA-D471-A6BF-AA73-BCFD4DBF9FBD}.Release|Any CPU.Build.0 = Release|Any CPU
		{F440FEBD-922C-5BB8-4960-AE4EDCD2A6BA}.Debug|Any CPU.ActiveCfg = Debug|Any CPU
		{F440FEBD-922C-5BB8-4960-AE4EDCD2A6BA}.Debug|Any CPU.Build.0 = Debug|Any CPU
		{F440FEBD-922C-5BB8-4960-AE4EDCD2A6BA}.Release|Any CPU.ActiveCfg = Release|Any CPU
		{F440FEBD-922C-5BB8-4960-AE4EDCD2A6BA}.Release|Any CPU.Build.0 = Release|Any CPU
		{34F38D86-3E58-8ECB-1847-F0853BEF73A0}.Debug|Any CPU.ActiveCfg = Debug|Any CPU
		{34F38D86-3E58-8ECB-1847-F0853BEF73A0}.Debug|Any CPU.Build.0 = Debug|Any CPU
		{34F38D86-3E58-8ECB-1847-F0853BEF73A0}.Release|Any CPU.ActiveCfg = Release|Any CPU
		{34F38D86-3E58-8ECB-1847-F0853BEF73A0}.Release|Any CPU.Build.0 = Release|Any CPU
		{27958C80-270A-7C56-84E3-0C6439A1E8C6}.Debug|Any CPU.ActiveCfg = Debug|Any CPU
		{27958C80-270A-7C56-84E3-0C6439A1E8C6}.Debug|Any CPU.Build.0 = Debug|Any CPU
		{27958C80-270A-7C56-84E3-0C6439A1E8C6}.Release|Any CPU.ActiveCfg = Release|Any CPU
		{27958C80-270A-7C56-84E3-0C6439A1E8C6}.Release|Any CPU.Build.0 = Release|Any CPU
		{1183679B-B23F-4663-1C85-77DB3EBC185A}.Debug|Any CPU.ActiveCfg = Debug|Any CPU
		{1183679B-B23F-4663-1C85-77DB3EBC185A}.Debug|Any CPU.Build.0 = Debug|Any CPU
		{1183679B-B23F-4663-1C85-77DB3EBC185A}.Release|Any CPU.ActiveCfg = Release|Any CPU
		{1183679B-B23F-4663-1C85-77DB3EBC185A}.Release|Any CPU.Build.0 = Release|Any CPU
		{12F12438-300D-E18F-41D7-98BF099045C4}.Debug|Any CPU.ActiveCfg = Debug|Any CPU
		{12F12438-300D-E18F-41D7-98BF099045C4}.Debug|Any CPU.Build.0 = Debug|Any CPU
		{12F12438-300D-E18F-41D7-98BF099045C4}.Release|Any CPU.ActiveCfg = Release|Any CPU
		{12F12438-300D-E18F-41D7-98BF099045C4}.Release|Any CPU.Build.0 = Release|Any CPU
		{C14E6463-1E2C-C3D7-CAD3-251FA7C5AC86}.Debug|Any CPU.ActiveCfg = Debug|Any CPU
		{C14E6463-1E2C-C3D7-CAD3-251FA7C5AC86}.Debug|Any CPU.Build.0 = Debug|Any CPU
		{C14E6463-1E2C-C3D7-CAD3-251FA7C5AC86}.Release|Any CPU.ActiveCfg = Release|Any CPU
		{C14E6463-1E2C-C3D7-CAD3-251FA7C5AC86}.Release|Any CPU.Build.0 = Release|Any CPU
		{27DE547D-3839-40E5-4FB1-CDDA63E59187}.Debug|Any CPU.ActiveCfg = Debug|Any CPU
		{27DE547D-3839-40E5-4FB1-CDDA63E59187}.Debug|Any CPU.Build.0 = Debug|Any CPU
		{27DE547D-3839-40E5-4FB1-CDDA63E59187}.Release|Any CPU.ActiveCfg = Release|Any CPU
		{27DE547D-3839-40E5-4FB1-CDDA63E59187}.Release|Any CPU.Build.0 = Release|Any CPU
		{508D70EF-7A25-1C50-E3D7-336AC1ADEA97}.Debug|Any CPU.ActiveCfg = Debug|Any CPU
		{508D70EF-7A25-1C50-E3D7-336AC1ADEA97}.Debug|Any CPU.Build.0 = Debug|Any CPU
		{508D70EF-7A25-1C50-E3D7-336AC1ADEA97}.Release|Any CPU.ActiveCfg = Release|Any CPU
		{508D70EF-7A25-1C50-E3D7-336AC1ADEA97}.Release|Any CPU.Build.0 = Release|Any CPU
		{323CCCCB-007D-7F28-15C0-1B0DC24D2F28}.Debug|Any CPU.ActiveCfg = Debug|Any CPU
		{323CCCCB-007D-7F28-15C0-1B0DC24D2F28}.Debug|Any CPU.Build.0 = Debug|Any CPU
		{323CCCCB-007D-7F28-15C0-1B0DC24D2F28}.Release|Any CPU.ActiveCfg = Release|Any CPU
		{323CCCCB-007D-7F28-15C0-1B0DC24D2F28}.Release|Any CPU.Build.0 = Release|Any CPU
		{16DC5A94-D5AE-C3E9-BB86-C4BB08202E4F}.Debug|Any CPU.ActiveCfg = Debug|Any CPU
		{16DC5A94-D5AE-C3E9-BB86-C4BB08202E4F}.Debug|Any CPU.Build.0 = Debug|Any CPU
		{16DC5A94-D5AE-C3E9-BB86-C4BB08202E4F}.Release|Any CPU.ActiveCfg = Release|Any CPU
		{16DC5A94-D5AE-C3E9-BB86-C4BB08202E4F}.Release|Any CPU.Build.0 = Release|Any CPU
		{1B00EB12-69E7-EBA1-DDF3-222C61C386E8}.Debug|Any CPU.ActiveCfg = Debug|Any CPU
		{1B00EB12-69E7-EBA1-DDF3-222C61C386E8}.Debug|Any CPU.Build.0 = Debug|Any CPU
		{1B00EB12-69E7-EBA1-DDF3-222C61C386E8}.Release|Any CPU.ActiveCfg = Release|Any CPU
		{1B00EB12-69E7-EBA1-DDF3-222C61C386E8}.Release|Any CPU.Build.0 = Release|Any CPU
		{05847412-8915-A16D-4A36-8BE6A712C5FF}.Debug|Any CPU.ActiveCfg = Debug|Any CPU
		{05847412-8915-A16D-4A36-8BE6A712C5FF}.Debug|Any CPU.Build.0 = Debug|Any CPU
		{05847412-8915-A16D-4A36-8BE6A712C5FF}.Release|Any CPU.ActiveCfg = Release|Any CPU
		{05847412-8915-A16D-4A36-8BE6A712C5FF}.Release|Any CPU.Build.0 = Release|Any CPU
		{BA3D4D5F-462B-7195-6A62-18B58850ACB5}.Debug|Any CPU.ActiveCfg = Debug|Any CPU
		{BA3D4D5F-462B-7195-6A62-18B58850ACB5}.Debug|Any CPU.Build.0 = Debug|Any CPU
		{BA3D4D5F-462B-7195-6A62-18B58850ACB5}.Release|Any CPU.ActiveCfg = Release|Any CPU
		{BA3D4D5F-462B-7195-6A62-18B58850ACB5}.Release|Any CPU.Build.0 = Release|Any CPU
		{7CD47D55-204A-7E92-C85C-1A67BB7128E9}.Debug|Any CPU.ActiveCfg = Debug|Any CPU
		{7CD47D55-204A-7E92-C85C-1A67BB7128E9}.Debug|Any CPU.Build.0 = Debug|Any CPU
		{7CD47D55-204A-7E92-C85C-1A67BB7128E9}.Release|Any CPU.ActiveCfg = Release|Any CPU
		{7CD47D55-204A-7E92-C85C-1A67BB7128E9}.Release|Any CPU.Build.0 = Release|Any CPU
		{C30560D0-2299-9BC1-1016-D4D0AB57E5C3}.Debug|Any CPU.ActiveCfg = Debug|Any CPU
		{C30560D0-2299-9BC1-1016-D4D0AB57E5C3}.Debug|Any CPU.Build.0 = Debug|Any CPU
		{C30560D0-2299-9BC1-1016-D4D0AB57E5C3}.Release|Any CPU.ActiveCfg = Release|Any CPU
		{C30560D0-2299-9BC1-1016-D4D0AB57E5C3}.Release|Any CPU.Build.0 = Release|Any CPU
		{A157E0A9-7824-3F98-8868-73744175B203}.Debug|Any CPU.ActiveCfg = Debug|Any CPU
		{A157E0A9-7824-3F98-8868-73744175B203}.Debug|Any CPU.Build.0 = Debug|Any CPU
		{A157E0A9-7824-3F98-8868-73744175B203}.Release|Any CPU.ActiveCfg = Release|Any CPU
		{A157E0A9-7824-3F98-8868-73744175B203}.Release|Any CPU.Build.0 = Release|Any CPU
		{7536EBC7-0738-2D87-053B-B2E667664DC0}.Debug|Any CPU.ActiveCfg = Debug|Any CPU
		{7536EBC7-0738-2D87-053B-B2E667664DC0}.Debug|Any CPU.Build.0 = Debug|Any CPU
		{7536EBC7-0738-2D87-053B-B2E667664DC0}.Release|Any CPU.ActiveCfg = Release|Any CPU
		{7536EBC7-0738-2D87-053B-B2E667664DC0}.Release|Any CPU.Build.0 = Release|Any CPU
		{81776DE2-B0DD-8BF8-95F5-0AE6A09396AA}.Debug|Any CPU.ActiveCfg = Debug|Any CPU
		{81776DE2-B0DD-8BF8-95F5-0AE6A09396AA}.Debug|Any CPU.Build.0 = Debug|Any CPU
		{81776DE2-B0DD-8BF8-95F5-0AE6A09396AA}.Release|Any CPU.ActiveCfg = Release|Any CPU
		{81776DE2-B0DD-8BF8-95F5-0AE6A09396AA}.Release|Any CPU.Build.0 = Release|Any CPU
		{2FC5FCF4-CC5C-0A5C-F8EA-0176827DB704}.Debug|Any CPU.ActiveCfg = Debug|Any CPU
		{2FC5FCF4-CC5C-0A5C-F8EA-0176827DB704}.Debug|Any CPU.Build.0 = Debug|Any CPU
		{2FC5FCF4-CC5C-0A5C-F8EA-0176827DB704}.Release|Any CPU.ActiveCfg = Release|Any CPU
		{2FC5FCF4-CC5C-0A5C-F8EA-0176827DB704}.Release|Any CPU.Build.0 = Release|Any CPU
		{9A7B837F-1BFF-EE19-742F-7C8D8BCA8D06}.Debug|Any CPU.ActiveCfg = Debug|Any CPU
		{9A7B837F-1BFF-EE19-742F-7C8D8BCA8D06}.Debug|Any CPU.Build.0 = Debug|Any CPU
		{9A7B837F-1BFF-EE19-742F-7C8D8BCA8D06}.Release|Any CPU.ActiveCfg = Release|Any CPU
		{9A7B837F-1BFF-EE19-742F-7C8D8BCA8D06}.Release|Any CPU.Build.0 = Release|Any CPU
	EndGlobalSection
	GlobalSection(SolutionProperties) = preSolution
		HideSolutionNode = FALSE
	EndGlobalSection
EndGlobal
